# THIS IS AN AUTOGENERATED FILE. DO NOT EDIT THIS FILE DIRECTLY.
# yarn lockfile v1


openzeppelin-solidity@^3.4.0:
  version "3.4.0"
  resolved "https://registry.yarnpkg.com/openzeppelin-solidity/-/openzeppelin-solidity-3.4.0.tgz#02018570c29630247e68fb82937b2c3185ed45df"
  integrity sha512-329HOVApCH24VUST4dz8q7X/lcGm6IdRQ/gAGx2ZWaKYrfX4xMy9oEBBI3n1ih3re8ubUNELrMzgSAnqj2hpeg==
